
Microsoft Visual Studio Solution File, Format Version 12.00
# Visual Studio Version 16
VisualStudioVersion = 16.0.30114.105
MinimumVisualStudioVersion = 10.0.40219.1
Project("{FAE04EC0-301F-11D3-BF4B-00C04F79EFBC}") = "WeatherAPI", "WeatherAPI\WeatherAPI.csproj", "{D8F1A214-26B7-47AF-897F-59AD396BF209}"
EndProject
Project("{2150E333-8FDC-42A3-9474-1A3956D46DE8}") = "Tests", "Tests", "{C35A7E4D-AFCB-4B92-A971-197630B572F6}"
EndProject
Project("{FAE04EC0-301F-11D3-BF4B-00C04F79EFBC}") = "WeatherAPI.TestConsole", "Tests\WeatherAPI.TestConsole\WeatherAPI.TestConsole.csproj", "{276F3080-F255-4DC9-8669-1E58C5A61475}"
EndProject
Global
	GlobalSection(SolutionConfigurationPlatforms) = preSolution
		Debug|Any CPU = Debug|Any CPU
		Debug|x64 = Debug|x64
		Debug|x86 = Debug|x86
		Release|Any CPU = Release|Any CPU
		Release|x64 = Release|x64
		Release|x86 = Release|x86
	EndGlobalSection
	GlobalSection(SolutionProperties) = preSolution
		HideSolutionNode = FALSE
	EndGlobalSection
	GlobalSection(ProjectConfigurationPlatforms) = postSolution
		{D8F1A214-26B7-47AF-897F-59AD396BF209}.Debug|Any CPU.ActiveCfg = Debug|Any CPU
		{D8F1A214-26B7-47AF-897F-59AD396BF209}.Debug|Any CPU.Build.0 = Debug|Any CPU
		{D8F1A214-26B7-47AF-897F-59AD396BF209}.Debug|x64.ActiveCfg = Debug|Any CPU
		{D8F1A214-26B7-47AF-897F-59AD396BF209}.Debug|x64.Build.0 = Debug|Any CPU
		{D8F1A214-26B7-47AF-897F-59AD396BF209}.Debug|x86.ActiveCfg = Debug|Any CPU
		{D8F1A214-26B7-47AF-897F-59AD396BF209}.Debug|x86.Build.0 = Debug|Any CPU
		{D8F1A214-26B7-47AF-897F-59AD396BF209}.Release|Any CPU.ActiveCfg = Release|Any CPU
		{D8F1A214-26B7-47AF-897F-59AD396BF209}.Release|Any CPU.Build.0 = Release|Any CPU
		{D8F1A214-26B7-47AF-897F-59AD396BF209}.Release|x64.ActiveCfg = Release|Any CPU
		{D8F1A214-26B7-47AF-897F-59AD396BF209}.Release|x64.Build.0 = Release|Any CPU
		{D8F1A214-26B7-47AF-897F-59AD396BF209}.Release|x86.ActiveCfg = Release|Any CPU
		{D8F1A214-26B7-47AF-897F-59AD396BF209}.Release|x86.Build.0 = Release|Any CPU
		{276F3080-F255-4DC9-8669-1E58C5A61475}.Debug|Any CPU.ActiveCfg = Debug|Any CPU
		{276F3080-F255-4DC9-8669-1E58C5A61475}.Debug|Any CPU.Build.0 = Debug|Any CPU
		{276F3080-F255-4DC9-8669-1E58C5A61475}.Debug|x64.ActiveCfg = Debug|Any CPU
		{276F3080-F255-4DC9-8669-1E58C5A61475}.Debug|x64.Build.0 = Debug|Any CPU
		{276F3080-F255-4DC9-8669-1E58C5A61475}.Debug|x86.ActiveCfg = Debug|Any CPU
		{276F3080-F255-4DC9-8669-1E58C5A61475}.Debug|x86.Build.0 = Debug|Any CPU
		{276F3080-F255-4DC9-8669-1E58C5A61475}.Release|Any CPU.ActiveCfg = Release|Any CPU
		{276F3080-F255-4DC9-8669-1E58C5A61475}.Release|Any CPU.Build.0 = Release|Any CPU
		{276F3080-F255-4DC9-8669-1E58C5A61475}.Release|x64.ActiveCfg = Release|Any CPU
		{276F3080-F255-4DC9-8669-1E58C5A61475}.Release|x64.Build.0 = Release|Any CPU
		{276F3080-F255-4DC9-8669-1E58C5A61475}.Release|x86.ActiveCfg = Release|Any CPU
		{276F3080-F255-4DC9-8669-1E58C5A61475}.Release|x86.Build.0 = Release|Any CPU
	EndGlobalSection
	GlobalSection(NestedProjects) = preSolution
		{276F3080-F255-4DC9-8669-1E58C5A61475} = {C35A7E4D-AFCB-4B92-A971-197630B572F6}
	EndGlobalSection
EndGlobal
